channels:
  - conda-forge
  - defaults
dependencies:
  - _libgcc_mutex=0.1=main
  - _openmp_mutex=4.5=1_gnu
  - alabaster=0.7.12=py_0
  - ampl-mp=3.1.0=h616b090_1004
  - appdirs=1.4.4=pyh9f0ad1d_0
  - attrs=21.2.0=pyhd8ed1ab_0
  - babel=2.9.1=pyh44b312d_0
  - backcall=0.2.0=pyh9f0ad1d_0
  - backports=1.0=py_2
  - backports.functools_lru_cache=1.6.4=pyhd8ed1ab_0
  - binutils=2.36.1=hdd6e379_2
  - binutils_impl_linux-64=2.36.1=h193b22a_2
  - binutils_linux-64=2.36=hf3e587d_33
  - black=21.7b0=pyhd8ed1ab_0
  - bleach=3.3.1=pyhd8ed1ab_0
  - breathe=4.30.0=pyhd8ed1ab_0
  - brotlipy=0.7.0=py36he6145b8_1001
  - bzip2=1.0.8=h7f98852_4
  - c-ares=1.17.1=h7f98852_1
  - c-compiler=1.2.0=h7f98852_0
  - ca-certificates=2021.7.5=h06a4308_1
  - catch2=2.13.6=h4bd325d_0
  - ccache=4.3=haef5404_1
  - certifi=2021.5.30=py36h5fab9bb_0
  - cffi=1.14.6=py36hc120d54_0
  - cfgv=3.3.0=pyhd8ed1ab_0
  - chardet=4.0.0=py36h5fab9bb_1
  - charset-normalizer=2.0.0=pyhd8ed1ab_0
  - clang=11.1.0=ha770c72_1
  - clang-11=11.1.0=default_ha53f305_1
  - clang-tools=11.1.0=default_ha53f305_1
  - clangxx=11.1.0=default_ha53f305_1
  - cli11=2.0.0=h9c3ff4c_0
  - click=8.0.1=py36h5fab9bb_0
  - cmake=3.21.1=h8897547_0
  - cmarkgfm=0.6.0=py36h8f6f2f9_0
  - colorama=0.4.4=pyh9f0ad1d_0
  - cppad=20210000.6=h9c3ff4c_0
  - cryptography=3.4.7=py36hb60f036_0
  - cxx-compiler=1.2.0=h4bd325d_0
  - dataclasses=0.8=pyh787bdff_0
  - dbus=1.13.6=h48d8840_2
  - decorator=5.0.9=pyhd8ed1ab_0
  - distlib=0.3.2=pyhd8ed1ab_0
  - distro=1.5.0=pyh9f0ad1d_0
  - docutils=0.17.1=py36h5fab9bb_0
  - doxygen=1.9.1=hb166930_1
  - editdistance-s=1.0.0=py36h605e78d_1
  - expat=2.4.1=h9c3ff4c_0
  - filelock=3.0.12=pyh9f0ad1d_0
  - fmt=8.0.1=h4bd325d_0
  - gcc_impl_linux-64=9.3.0=h70c0ae5_19
  - gcc_linux-64=9.3.0=hf25ea35_33
  - gettext=0.19.8.1=h0b5b191_1005
  - glib=2.68.3=h9c3ff4c_0
  - glib-tools=2.68.3=h9c3ff4c_0
  - gmp=6.2.1=h58526e2_0
  - gxx_impl_linux-64=9.3.0=hd87eabc_19
  - gxx_linux-64=9.3.0=h3fbe746_33
  - identify=2.2.11=pyhd8ed1ab_0
  - idna=3.1=pyhd3deb0d_0
  - imagesize=1.2.0=py_0
  - importlib-metadata=4.6.1=py36h5fab9bb_0
  - importlib_metadata=4.6.1=hd8ed1ab_0
  - importlib_resources=5.2.0=pyhd8ed1ab_0
  - iniconfig=1.1.1=pyh9f0ad1d_0
  - ipopt=3.14.2=h7ede334_0
  - ipython=7.16.1=py36he448a4c_2
  - ipython_genutils=0.2.0=py_1
  - jedi=0.17.2=py36h9f0ad1d_1
  - jeepney=0.7.0=pyhd8ed1ab_0
  - jinja2=3.0.1=pyhd8ed1ab_0
  - kernel-headers_linux-64=2.6.32=he073ed8_14
  - keyring=23.0.1=py36h5fab9bb_0
  - krb5=1.19.2=hcc1bbae_0
  - ld_impl_linux-64=2.36.1=hea4e1c9_2
  - libblas=3.9.0=10_openblas
  - libcblas=3.9.0=10_openblas
  - libclang-cpp11.1=11.1.0=default_ha53f305_1
  - libcurl=7.78.0=h2574ce0_0
  - libedit=3.1.20191231=he28a2e2_2
  - libev=4.33=h516909a_1
  - libffi=3.3=h58526e2_2
  - libgcc-devel_linux-64=9.3.0=h7864c58_19
  - libgcc-ng=9.3.0=h5101ec6_17
  - libgfortran-ng=11.1.0=h69a702a_0
  - libgfortran5=11.1.0=h6c583b3_0
  - libglib=2.68.3=h3e27bee_0
  - libgomp=9.3.0=h5101ec6_17
  - libiconv=1.16=h516909a_0
  - liblapack=3.9.0=10_openblas
  - libllvm11=11.1.0=hf817b99_2
  - libnghttp2=1.43.0=h812cca2_0
  - libopenblas=0.3.17=pthreads_h8fe5266_1
  - libssh2=1.9.0=ha56f1ee_6
  - libstdcxx-devel_linux-64=9.3.0=hb016644_19
  - libstdcxx-ng=11.1.0=h56837e0_2
  - libuv=1.42.0=h7f98852_0
  - lz4-c=1.9.3=h9c3ff4c_0
  - make=4.3=hd18ef5c_1
  - markupsafe=2.0.1=py36h8f6f2f9_0
  - matplotlib-inline=0.1.2=pyhd8ed1ab_2
  - metis=5.1.0=h58526e2_1006
  - more-itertools=8.8.0=pyhd8ed1ab_0
  - mumps-include=5.2.1=ha770c72_10
  - mumps-seq=5.2.1=h47a8eb5_10
  - mypy_extensions=0.4.3=py36h5fab9bb_3
  - ncurses=6.2=h58526e2_4
  - ninja=1.10.2=h4bd325d_0
  - nodeenv=1.6.0=pyhd8ed1ab_0
  - numpy=1.19.5=py36hfc0c790_2
  - openssl=1.1.1k=h7f98852_0
  - packaging=21.0=pyhd8ed1ab_0
  - parso=0.7.1=pyh9f0ad1d_0
  - pathspec=0.9.0=pyhd8ed1ab_0
  - pcre=8.45=h9c3ff4c_0
  - pexpect=4.8.0=pyh9f0ad1d_2
  - pickleshare=0.7.5=py_1003
  - pip=21.2.1=pyhd8ed1ab_0
  - pkginfo=1.7.1=pyhd8ed1ab_0
  - pluggy=0.13.1=py36h5fab9bb_4
  - pre-commit=2.13.0=py36h5fab9bb_0
  - prompt-toolkit=3.0.19=pyha770c72_0
  - ptyprocess=0.7.0=pyhd3deb0d_0
  - py=1.10.0=pyhd3deb0d_0
  - pybind11=2.7.0=py36h605e78d_0
  - pybind11-global=2.7.0=py36h605e78d_0
  - pycparser=2.20=pyh9f0ad1d_2
  - pygments=2.9.0=pyhd8ed1ab_0
  - pyopenssl=20.0.1=pyhd8ed1ab_0
  - pyparsing=2.4.7=pyh9f0ad1d_0
  - pyscipopt=3.2.2=py36hc4f0c31_0
  - pysocks=1.7.1=py36h5fab9bb_3
  - pytest=6.2.4=py36h5fab9bb_0
  - pytest-helpers-namespace=2021.4.29=pyhd8ed1ab_0
  - python=3.6.13=hffdb5ce_0_cpython
  - python_abi=3.6=2_cp36m
  - pytz=2021.1=pyhd8ed1ab_0
  - pyyaml=5.4.1=py36h8f6f2f9_0
  - readline=8.1=h46c0cb4_0
  - readme_renderer=27.0=pyh9f0ad1d_0
  - regex=2021.7.6=py36h8f6f2f9_0
  - requests=2.26.0=pyhd8ed1ab_0
  - requests-toolbelt=0.9.1=py_0
  - rfc3986=1.5.0=pyhd8ed1ab_0
  - rhash=1.4.1=h7f98852_0
  - scikit-build=0.11.1=py36hc4f0c31_2
  - scip=7.0.3=hf5bcbcd_1
  - scotch=6.0.9=h3858553_1
  - secretstorage=3.3.1=py36h5fab9bb_0
  - setuptools=52.0.0=py36h06a4308_0
  - six=1.16.0=pyh6c4a22f_0
  - snowballstemmer=2.1.0=pyhd8ed1ab_0
  - sphinx=4.0.3=pyh6c4a22f_0
  - sphinx_rtd_theme=0.5.2=pyhd8ed1ab_0
  - sphinxcontrib-applehelp=1.0.2=py_0
  - sphinxcontrib-devhelp=1.0.2=py_0
  - sphinxcontrib-htmlhelp=2.0.0=pyhd8ed1ab_0
  - sphinxcontrib-jsmath=1.0.1=py_0
  - sphinxcontrib-qthelp=1.0.3=py_0
  - sphinxcontrib-serializinghtml=1.1.5=pyhd8ed1ab_0
  - sqlite=3.36.0=h9cd32fc_0
  - sysroot_linux-64=2.12=he073ed8_14
  - tbb=2020.2=h4bd325d_4
  - tk=8.6.10=h21135ba_1
  - toml=0.10.2=pyhd8ed1ab_0
  - tomli=1.1.0=pyhd8ed1ab_0
  - tqdm=4.61.2=pyhd8ed1ab_1
  - traitlets=4.3.3=py36h9f0ad1d_1
  - twine=3.4.2=pyhd8ed1ab_0
  - typed-ast=1.4.3=py36h8f6f2f9_0
  - typing_extensions=3.10.0.0=pyha770c72_0
  - tzdata=2021a=he74cb21_1
  - urllib3=1.26.6=pyhd8ed1ab_0
  - virtualenv=20.4.7=py36h5fab9bb_0
  - wcwidth=0.2.5=pyh9f0ad1d_2
  - webencodings=0.5.1=py_1
  - wheel=0.36.2=pyhd3deb0d_0
  - xsimd=7.5.0=h4bd325d_1
  - xtensor=0.23.10=h4bd325d_0
  - xtensor-python=0.25.3=py36h706143c_0
  - xtl=0.7.2=h4bd325d_1
  - xz=5.2.5=h516909a_1
  - yaml=0.2.5=h516909a_0
  - zipp=3.5.0=pyhd8ed1ab_0
  - zlib=1.2.11=h516909a_1010
  - zstd=1.5.0=ha95c52a_0
