channels:
  - pytorch
  - pyg
  - conda-forge
dependencies:
  - ampl-mp=3.1.0=h2beb688_1005
  - appnope=0.1.2=py39h6e9494a_2
  - argon2-cffi=21.3.0=pyhd8ed1ab_0
  - argon2-cffi-bindings=21.2.0=py39h89e85a6_1
  - asttokens=2.0.5=pyhd8ed1ab_0
  - attrs=21.4.0=pyhd8ed1ab_0
  - backcall=0.2.0=pyh9f0ad1d_0
  - backports=1.0=py_2
  - backports.functools_lru_cache=1.6.4=pyhd8ed1ab_0
  - black=22.1.0=pyhd8ed1ab_0
  - blas=2.108=mkl
  - blas-devel=3.9.0=8_mkl
  - bleach=4.1.0=pyhd8ed1ab_0
  - brotli=1.0.9=h0d85af4_6
  - brotli-bin=1.0.9=h0d85af4_6
  - brotlipy=0.7.0=py39h89e85a6_1003
  - bzip2=1.0.8=h0d85af4_4
  - ca-certificates=2021.10.8=h033912b_0
  - certifi=2021.10.8=py39h6e9494a_1
  - cffi=1.15.0=py39he338e87_0
  - charset-normalizer=2.0.11=pyhd8ed1ab_0
  - click=8.0.3=py39h6e9494a_1
  - colorama=0.4.4=pyh9f0ad1d_0
  - cppad=20210000.6=he49afe7_0
  - cryptography=36.0.1=py39h209aa08_0
  - cycler=0.11.0=pyhd8ed1ab_0
  - dataclasses=0.8=pyhc8e2a94_3
  - dbus=1.13.6=h811a1a6_3
  - debugpy=1.5.1=py39h9fcab8e_0
  - decorator=5.1.1=pyhd8ed1ab_0
  - defusedxml=0.7.1=pyhd8ed1ab_0
  - ecole=0.7.3=py39had2c9fb_1
  - entrypoints=0.4=pyhd8ed1ab_0
  - executing=0.8.2=pyhd8ed1ab_0
  - expat=2.4.4=he49afe7_0
  - flit-core=3.6.0=pyhd8ed1ab_0
  - fmt=8.1.1=h940c156_0
  - fonttools=4.29.1=py39h89e85a6_0
  - freetype=2.10.4=h4cff582_1
  - fribidi=1.0.10=hbcb3906_0
  - gettext=0.19.8.1=hd1a6beb_1008
  - giflib=5.2.1=hbcb3906_2
  - gmp=6.2.1=h2e338ed_0
  - googledrivedownloader=0.4=pyhd3deb0d_1
  - icu=69.1=he49afe7_0
  - idna=3.3=pyhd8ed1ab_0
  - importlib-metadata=4.10.1=py39h6e9494a_0
  - importlib_resources=5.4.0=pyhd8ed1ab_0
  - ipopt=3.14.4=hc501a57_0
  - ipykernel=6.8.0=py39h71a6800_0
  - ipython=8.0.1=py39h6e9494a_0
  - ipython_genutils=0.2.0=py_1
  - ipywidgets=7.6.5=pyhd8ed1ab_0
  - jbig=2.1=h0d85af4_2003
  - jedi=0.18.1=py39h6e9494a_0
  - jinja2=3.0.3=pyhd8ed1ab_0
  - joblib=1.1.0=pyhd8ed1ab_0
  - jpeg=9e=h0d85af4_0
  - jsonschema=4.4.0=pyhd8ed1ab_0
  - jupyter=1.0.0=py39h6e9494a_7
  - jupyter_client=6.1.12=pyhd8ed1ab_0
  - jupyter_console=6.4.0=pyhd8ed1ab_1
  - jupyter_core=4.9.1=py39h6e9494a_1
  - jupyterlab_pygments=0.1.2=pyh9f0ad1d_0
  - jupyterlab_widgets=1.0.2=pyhd8ed1ab_0
  - kiwisolver=1.3.2=py39hf018cea_1
  - krb5=1.19.2=hcfbf3a7_3
  - lcms2=2.12=h577c468_0
  - lerc=3.0=he49afe7_0
  - libblas=3.9.0=8_mkl
  - libbrotlicommon=1.0.9=h0d85af4_6
  - libbrotlidec=1.0.9=h0d85af4_6
  - libbrotlienc=1.0.9=h0d85af4_6
  - libcblas=3.9.0=8_mkl
  - libclang=13.0.0=default_he082bbe_0
  - libcxx=12.0.1=habf9029_1
  - libdeflate=1.8=h0d85af4_0
  - libedit=3.1.20191231=h0678c8f_2
  - libffi=3.4.2=h0d85af4_5
  - libgfortran=5.0.0=9_3_0_h6c81a4c_23
  - libgfortran5=9.3.0=h6c81a4c_23
  - libglib=2.70.2=hf1fb8c0_1
  - libiconv=1.16=haf1e3a3_0
  - libimagequant=2.17.0=h9bde063_1
  - liblapack=3.9.0=8_mkl
  - liblapacke=3.9.0=8_mkl
  - libllvm13=13.0.0=hd011deb_0
  - libpng=1.6.37=h7cec526_2
  - libpq=14.1=hea3049e_1
  - libsodium=1.0.18=hbcb3906_1
  - libtiff=4.3.0=hd146c10_2
  - libuv=1.43.0=h0d85af4_0
  - libwebp=1.2.2=h28dabe5_0
  - libwebp-base=1.2.2=h0d85af4_1
  - libxcb=1.13=h0d85af4_1004
  - libzlib=1.2.11=h9173be1_1013
  - llvm-openmp=12.0.1=hda6cdc1_1
  - lz4-c=1.9.3=he49afe7_1
  - markupsafe=2.0.1=py39h89e85a6_1
  - matplotlib-base=3.5.1=py39hb07454d_0
  - matplotlib-inline=0.1.3=pyhd8ed1ab_0
  - metis=5.1.0=h2e338ed_1006
  - mistune=0.8.4=py39h89e85a6_1005
  - mkl=2020.4=h08c4f10_301
  - mkl-devel=2020.4=h694c41f_302
  - mkl-include=2020.4=h08c4f10_301
  - mumps-include=5.2.1=h694c41f_10
  - mumps-seq=5.2.1=h805a9e9_10
  - munkres=1.1.4=pyh9f0ad1d_0
  - mypy_extensions=0.4.3=py39h6e9494a_4
  - mysql-common=8.0.28=h694c41f_0
  - mysql-libs=8.0.28=h115446f_0
  - nbclient=0.5.10=pyhd8ed1ab_1
  - nbconvert=6.4.1=py39h6e9494a_0
  - nbformat=5.1.3=pyhd8ed1ab_0
  - ncurses=6.3=he49afe7_0
  - nest-asyncio=1.5.4=pyhd8ed1ab_0
  - networkx=2.6.3=pyhd8ed1ab_1
  - notebook=6.4.8=pyha770c72_0
  - nspr=4.32=hcd9eead_1
  - nss=3.74=h31e2bf1_0
  - numpy=1.22.2=py39h9d9ce41_0
  - openjpeg=2.4.0=h6e7aa92_1
  - openssl=1.1.1l=h0d85af4_0
  - packaging=21.3=pyhd8ed1ab_0
  - pandas=1.4.0=py39h4d6be9b_0
  - pandoc=2.17.1.1=h694c41f_0
  - pandocfilters=1.5.0=pyhd8ed1ab_0
  - parso=0.8.3=pyhd8ed1ab_0
  - pathspec=0.9.0=pyhd8ed1ab_0
  - pcre=8.45=he49afe7_0
  - pexpect=4.8.0=pyh9f0ad1d_2
  - pickleshare=0.7.5=py39hde42818_1002
  - pillow=9.0.1=py39h768cb32_0
  - platformdirs=2.3.0=pyhd8ed1ab_0
  - prometheus_client=0.13.1=pyhd8ed1ab_0
  - prompt-toolkit=3.0.26=pyha770c72_0
  - prompt_toolkit=3.0.26=hd8ed1ab_0
  - pthread-stubs=0.4=hc929b4f_1001
  - ptyprocess=0.7.0=pyhd3deb0d_0
  - pure_eval=0.2.2=pyhd8ed1ab_0
  - pycparser=2.21=pyhd8ed1ab_0
  - pyg=2.0.3=py39_torch_1.10.0_cpu
  - pygments=2.11.2=pyhd8ed1ab_0
  - pyopenssl=22.0.0=pyhd8ed1ab_0
  - pyparsing=3.0.7=pyhd8ed1ab_0
  - pyqt=5.12.3=py39h6e9494a_8
  - pyqt-impl=5.12.3=py39he44290a_8
  - pyqt5-sip=4.19.18=py39h15fb055_8
  - pyqtchart=5.12=py39he44290a_8
  - pyqtwebengine=5.12.1=py39he44290a_8
  - pyrsistent=0.18.1=py39h89e85a6_0
  - pysocks=1.7.1=py39h6e9494a_4
  - python=3.9.10=h1dd9edd_2_cpython
  - python-dateutil=2.8.2=pyhd8ed1ab_0
  - python-louvain=0.15=pyhd8ed1ab_1
  - python_abi=3.9=2_cp39
  - pytorch=1.10.2=py3.9_0
  - pytorch-cluster=1.5.9=py39_torch_1.10.0_cpu
  - pytorch-scatter=2.0.9=py39_torch_1.10.0_cpu
  - pytorch-sparse=0.6.12=py39_torch_1.10.0_cpu
  - pytorch-spline-conv=1.2.1=py39_torch_1.10.0_cpu
  - pytz=2021.3=pyhd8ed1ab_0
  - pyyaml=6.0=py39h89e85a6_3
  - pyzmq=22.3.0=py39h7fec2f1_1
  - qt=5.12.9=h2a607e2_5
  - qtconsole=5.2.2=pyhd8ed1ab_1
  - qtconsole-base=5.2.2=pyhd8ed1ab_1
  - qtpy=2.0.1=pyhd8ed1ab_0
  - readline=8.1=h05e3726_0
  - requests=2.27.1=pyhd8ed1ab_0
  - scikit-learn=1.0.2=py39hd4eea88_0
  - scip=7.0.3=hc6291ea_1
  - scipy=1.7.3=py39h056f1c0_0
  - scotch=6.0.9=h9f43b6f_1
  - send2trash=1.8.0=pyhd8ed1ab_0
  - setuptools=60.7.1=py39h6e9494a_0
  - six=1.16.0=pyh6c4a22f_0
  - sqlite=3.37.0=h23a322b_0
  - stack_data=0.1.4=pyhd8ed1ab_0
  - tbb=2020.2=h940c156_4
  - terminado=0.13.1=py39h6e9494a_0
  - testpath=0.5.0=pyhd8ed1ab_0
  - threadpoolctl=3.1.0=pyh8a188c0_0
  - tk=8.6.11=h5dbffcc_1
  - tomli=2.0.0=pyhd8ed1ab_1
  - tornado=6.1=py39h89e85a6_2
  - tqdm=4.62.3=pyhd8ed1ab_0
  - traitlets=5.1.1=pyhd8ed1ab_0
  - typed-ast=1.5.2=py39h89e85a6_0
  - typing_extensions=4.0.1=pyha770c72_0
  - tzdata=2021e=he74cb21_0
  - unicodedata2=14.0.0=py39h89e85a6_0
  - urllib3=1.26.8=pyhd8ed1ab_1
  - wcwidth=0.2.5=pyh9f0ad1d_2
  - webencodings=0.5.1=py_1
  - widgetsnbextension=3.5.2=py39h6e9494a_1
  - xorg-libxau=1.0.9=h35c211d_0
  - xorg-libxdmcp=1.1.3=h35c211d_0
  - xz=5.2.5=haf1e3a3_1
  - yacs=0.1.6=py_0
  - yaml=0.2.5=h0d85af4_2
  - zeromq=4.3.4=he49afe7_1
  - zipp=3.7.0=pyhd8ed1ab_1
  - zlib=1.2.11=h9173be1_1013
  - zstd=1.5.2=h582d3a0_0
