channels:
  - pytorch
  - pyg
  - conda-forge
  - defaults
dependencies:
  - ampl-mp=3.1.0=h2beb688_1005
  - appnope=0.1.2=py39h6e9494a_1
  - argon2-cffi=21.1.0=py39h89e85a6_0
  - async_generator=1.10=py_0
  - attrs=21.2.0=pyhd8ed1ab_0
  - backcall=0.2.0=pyh9f0ad1d_0
  - backports=1.0=py_2
  - backports.functools_lru_cache=1.6.4=pyhd8ed1ab_0
  - blas=2.111=mkl
  - blas-devel=3.9.0=11_osx64_mkl
  - bleach=4.1.0=pyhd8ed1ab_0
  - brotlipy=0.7.0=py39h89e85a6_1001
  - ca-certificates=2021.10.8=h033912b_0
  - certifi=2021.10.8=py39h6e9494a_0
  - cffi=1.14.6=py39he338e87_1
  - chardet=4.0.0=py39h6e9494a_1
  - charset-normalizer=2.0.0=pyhd8ed1ab_0
  - colorama=0.4.4=pyh9f0ad1d_0
  - cppad=20210000.6=he49afe7_0
  - cryptography=35.0.0=py39h209aa08_1
  - cycler=0.10.0=py_2
  - dbus=1.13.6=ha13b53f_2
  - debugpy=1.4.1=py39h9fcab8e_0
  - decorator=5.1.0=pyhd8ed1ab_0
  - defusedxml=0.7.1=pyhd8ed1ab_0
  - ecole=0.7.3=py39had2c9fb_0
  - entrypoints=0.3=py39hde42818_1002
  - expat=2.4.1=he49afe7_0
  - fmt=8.0.1=h940c156_0
  - freetype=2.10.4=h4cff582_1
  - gettext=0.19.8.1=hd1a6beb_1008
  - glib=2.70.0=hcf210ce_1
  - glib-tools=2.70.0=hcf210ce_1
  - gmp=6.2.1=h2e338ed_0
  - googledrivedownloader=0.4=pyhd3deb0d_1
  - icu=68.1=h74dc148_0
  - idna=3.1=pyhd3deb0d_0
  - importlib-metadata=4.8.1=py39h6e9494a_0
  - intel-openmp=2021.3.0=hecd8cb5_3375
  - ipopt=3.14.4=hc501a57_0
  - ipykernel=6.4.2=py39h71a6800_0
  - ipython=7.28.0=py39h71a6800_0
  - ipython_genutils=0.2.0=py_1
  - ipywidgets=7.6.5=pyhd8ed1ab_0
  - jbig=2.1=h0d85af4_2003
  - jedi=0.18.0=py39h6e9494a_2
  - jinja2=3.0.2=pyhd8ed1ab_0
  - joblib=1.1.0=pyhd8ed1ab_0
  - jpeg=9d=hbcb3906_0
  - jsonschema=4.1.2=pyhd8ed1ab_0
  - jupyter=1.0.0=py39h6e9494a_6
  - jupyter_client=6.1.12=pyhd8ed1ab_0
  - jupyter_console=6.4.0=pyhd8ed1ab_1
  - jupyter_core=4.9.0=py39h6e9494a_0
  - jupyterlab_pygments=0.1.2=pyh9f0ad1d_0
  - jupyterlab_widgets=1.0.2=pyhd8ed1ab_0
  - kiwisolver=1.3.2=py39hf018cea_0
  - krb5=1.19.2=hcfbf3a7_2
  - lcms2=2.12=h577c468_0
  - lerc=3.0=he49afe7_0
  - libblas=3.9.0=11_osx64_mkl
  - libcblas=3.9.0=11_osx64_mkl
  - libclang=11.1.0=default_he082bbe_1
  - libcxx=12.0.1=habf9029_0
  - libdeflate=1.8=h0d85af4_0
  - libedit=3.1.20191231=h0678c8f_2
  - libffi=3.4.2=he49afe7_4
  - libgfortran=5.0.0=9_3_0_h6c81a4c_23
  - libgfortran5=9.3.0=h6c81a4c_23
  - libglib=2.70.0=hf1fb8c0_1
  - libiconv=1.16=haf1e3a3_0
  - liblapack=3.9.0=11_osx64_mkl
  - liblapacke=3.9.0=11_osx64_mkl
  - libllvm11=11.1.0=hd011deb_2
  - libpng=1.6.37=h7cec526_2
  - libpq=13.3=hea3049e_1
  - libsodium=1.0.18=hbcb3906_1
  - libtiff=4.3.0=hd146c10_2
  - libuv=1.42.0=h0d85af4_0
  - libwebp-base=1.2.1=h0d85af4_0
  - libzlib=1.2.11=h9173be1_1013
  - llvm-openmp=12.0.1=hda6cdc1_1
  - lz4-c=1.9.3=he49afe7_1
  - markupsafe=2.0.1=py39h89e85a6_0
  - matplotlib-base=3.4.3=py39hb07454d_1
  - matplotlib-inline=0.1.3=pyhd8ed1ab_0
  - metis=5.1.0=h2e338ed_1006
  - mistune=0.8.4=py39h89e85a6_1004
  - mkl=2021.3.0=hecd8cb5_517
  - mkl-devel=2021.3.0=h96f910b_517
  - mkl-include=2021.3.0=hecd8cb5_517
  - mumps-include=5.2.1=h694c41f_10
  - mumps-seq=5.2.1=h805a9e9_10
  - mysql-common=8.0.27=h694c41f_0
  - mysql-libs=8.0.27=h115446f_0
  - nbclient=0.5.4=pyhd8ed1ab_0
  - nbconvert=6.2.0=py39h6e9494a_0
  - nbformat=5.1.3=pyhd8ed1ab_0
  - ncurses=6.2=h2e338ed_4
  - nest-asyncio=1.5.1=pyhd8ed1ab_0
  - networkx=2.6.3=pyhd8ed1ab_1
  - notebook=6.4.5=pyha770c72_0
  - nspr=4.30=hcd9eead_0
  - nss=3.69=h31e2bf1_1
  - numpy=1.21.3=py39h7eed0ac_0
  - olefile=0.46=pyh9f0ad1d_1
  - openjpeg=2.4.0=h6e7aa92_1
  - openssl=1.1.1l=h0d85af4_0
  - packaging=21.0=pyhd8ed1ab_0
  - pandas=1.3.4=py39h4d6be9b_0
  - pandoc=2.15=h0d85af4_0
  - pandocfilters=1.5.0=pyhd8ed1ab_0
  - parso=0.8.2=pyhd8ed1ab_0
  - pcre=8.45=he49afe7_0
  - pexpect=4.8.0=pyh9f0ad1d_2
  - pickleshare=0.7.5=py39hde42818_1002
  - pillow=8.3.2=py39he9bb72f_0
  - prometheus_client=0.11.0=pyhd8ed1ab_0
  - prompt-toolkit=3.0.21=pyha770c72_0
  - prompt_toolkit=3.0.21=hd8ed1ab_0
  - ptyprocess=0.7.0=pyhd3deb0d_0
  - pycparser=2.20=pyh9f0ad1d_2
  - pyg=2.0.2=py39_torch_1.10.0_cpu
  - pygments=2.10.0=pyhd8ed1ab_0
  - pyopenssl=21.0.0=pyhd8ed1ab_0
  - pyparsing=3.0.3=pyhd8ed1ab_0
  - pyqt=5.12.3=py39h6e9494a_7
  - pyqt-impl=5.12.3=py39hef7122c_7
  - pyqt5-sip=4.19.18=py39hd8f94c5_7
  - pyqtchart=5.12=py39hef7122c_7
  - pyqtwebengine=5.12.1=py39hef7122c_7
  - pyrsistent=0.17.3=py39h89e85a6_2
  - pysocks=1.7.1=py39h6e9494a_3
  - python=3.9.7=h1248fe1_3_cpython
  - python-dateutil=2.8.2=pyhd8ed1ab_0
  - python-louvain=0.15=pyhd3deb0d_0
  - python_abi=3.9=2_cp39
  - pytorch=1.10.0=py3.9_0
  - pytorch-cluster=1.5.9=py39_torch_1.10.0_cpu
  - pytorch-scatter=2.0.9=py39_torch_1.10.0_cpu
  - pytorch-sparse=0.6.12=py39_torch_1.10.0_cpu
  - pytorch-spline-conv=1.2.1=py39_torch_1.10.0_cpu
  - pytz=2021.3=pyhd8ed1ab_0
  - pyyaml=6.0=py39h89e85a6_0
  - pyzmq=22.3.0=py39h7fec2f1_0
  - qt=5.12.9=h126340a_4
  - qtconsole=5.1.1=pyhd8ed1ab_0
  - qtpy=1.11.2=pyhd8ed1ab_0
  - readline=8.1=h05e3726_0
  - requests=2.26.0=pyhd8ed1ab_0
  - scikit-learn=1.0.1=py39hd2caeff_1
  - scip=7.0.3=hc6291ea_1
  - scipy=1.7.1=py39h056f1c0_0
  - scotch=6.0.9=h9f43b6f_1
  - send2trash=1.8.0=pyhd8ed1ab_0
  - setuptools=58.2.0=py39h6e9494a_0
  - six=1.16.0=pyh6c4a22f_0
  - sqlite=3.36.0=h23a322b_2
  - tbb=2020.2=h940c156_4
  - terminado=0.12.1=py39h6e9494a_0
  - testpath=0.5.0=pyhd8ed1ab_0
  - threadpoolctl=3.0.0=pyh8a188c0_0
  - tk=8.6.11=h5dbffcc_1
  - tornado=6.1=py39h89e85a6_1
  - tqdm=4.62.3=pyhd8ed1ab_0
  - traitlets=5.1.1=pyhd8ed1ab_0
  - typing_extensions=3.10.0.2=pyha770c72_0
  - tzdata=2021e=he74cb21_0
  - urllib3=1.26.7=pyhd8ed1ab_0
  - wcwidth=0.2.5=pyh9f0ad1d_2
  - webencodings=0.5.1=py_1
  - widgetsnbextension=3.5.1=py39h6e9494a_4
  - xz=5.2.5=haf1e3a3_1
  - yacs=0.1.6=py_0
  - yaml=0.2.5=haf1e3a3_0
  - zeromq=4.3.4=he49afe7_1
  - zipp=3.6.0=pyhd8ed1ab_0
  - zlib=1.2.11=h9173be1_1013
  - zstd=1.5.0=h582d3a0_0
